{
  "name": "week-6-web3-token-launchpad-main",
  "lockfileVersion": 3,
  "requires": true,
  "packages": {
    "": {
      "dependencies": {
        "@solana/wallet-adapter-base": "file:solana/wallet-adapter-react@solana/wallet-adapter-react-ui@solana/wallet-adapter-wallets@solana/web3.js"
      }
    },
    "node_modules/@solana/wallet-adapter-base": {
      "resolved": "solana/wallet-adapter-react@solana/wallet-adapter-react-ui@solana/wallet-adapter-wallets@solana/web3.js",
      "link": true
    },
    "solana/wallet-adapter-react@solana/wallet-adapter-react-ui@solana/wallet-adapter-wallets@solana/web3.js": {}
  }
}
